// !$*UTF8*$!
{
	archiveVersion = 1;
	classes = {
	};
	objectVersion = 50;
	objects = {

/* Begin PBXBuildFile section */
		13F1E8801C7CABAC1117DF30 /* Pods_RateStaurant.framework in Frameworks */ = {isa = PBXBuildFile; fileRef = 9518398CB1C48DA17EE06333 /* Pods_RateStaurant.framework */; };
		306EDCA622BA368700103496 /* Default-568h@2x.png in Resources */ = {isa = PBXBuildFile; fileRef = 306EDCA522BA368700103496 /* Default-568h@2x.png */; };
		306EDCA822BA36D900103496 /* Constants.swift in Sources */ = {isa = PBXBuildFile; fileRef = 306EDCA722BA36D800103496 /* Constants.swift */; };
		306EDCAA22BA389800103496 /* CitiesNetworkManager.swift in Sources */ = {isa = PBXBuildFile; fileRef = 306EDCA922BA389800103496 /* CitiesNetworkManager.swift */; };
		306EDCAD22BA38E500103496 /* NetworkManager.swift in Sources */ = {isa = PBXBuildFile; fileRef = 306EDCAC22BA38E500103496 /* NetworkManager.swift */; };
		306EDCB022BA424A00103496 /* Login.storyboard in Resources */ = {isa = PBXBuildFile; fileRef = 306EDCAF22BA424A00103496 /* Login.storyboard */; };
		306EDCB322BA4B0C00103496 /* UITextFieldExtension.swift in Sources */ = {isa = PBXBuildFile; fileRef = 306EDCB222BA4B0C00103496 /* UITextFieldExtension.swift */; };
		306EDCB522BA4C0100103496 /* UIColorExtension.swift in Sources */ = {isa = PBXBuildFile; fileRef = 306EDCB422BA4C0100103496 /* UIColorExtension.swift */; };
		306EDCB722BA4D0C00103496 /* LoginViewController.swift in Sources */ = {isa = PBXBuildFile; fileRef = 306EDCB622BA4D0C00103496 /* LoginViewController.swift */; };
		306EDCBA22BA4D5600103496 /* BaseViewController.swift in Sources */ = {isa = PBXBuildFile; fileRef = 306EDCB922BA4D5600103496 /* BaseViewController.swift */; };
		306EDCBC22BA549E00103496 /* UIViewExtension.swift in Sources */ = {isa = PBXBuildFile; fileRef = 306EDCBB22BA549E00103496 /* UIViewExtension.swift */; };
		A806C3172267AA15009E80DE /* AppDelegate.swift in Sources */ = {isa = PBXBuildFile; fileRef = A806C3162267AA15009E80DE /* AppDelegate.swift */; };
		A806C31F2267AA15009E80DE /* RateStaurant.xcdatamodeld in Sources */ = {isa = PBXBuildFile; fileRef = A806C31D2267AA15009E80DE /* RateStaurant.xcdatamodeld */; };
		A806C3212267AA19009E80DE /* Assets.xcassets in Resources */ = {isa = PBXBuildFile; fileRef = A806C3202267AA19009E80DE /* Assets.xcassets */; };
		A806C3242267AA19009E80DE /* LaunchScreen.storyboard in Resources */ = {isa = PBXBuildFile; fileRef = A806C3222267AA19009E80DE /* LaunchScreen.storyboard */; };
/* End PBXBuildFile section */

/* Begin PBXFileReference section */
		14E78629D744CE5A31A6C82C /* Pods-RateStaurant.release.xcconfig */ = {isa = PBXFileReference; includeInIndex = 1; lastKnownFileType = text.xcconfig; name = "Pods-RateStaurant.release.xcconfig"; path = "Target Support Files/Pods-RateStaurant/Pods-RateStaurant.release.xcconfig"; sourceTree = "<group>"; };
		306EDCA522BA368700103496 /* Default-568h@2x.png */ = {isa = PBXFileReference; lastKnownFileType = image.png; path = "Default-568h@2x.png"; sourceTree = "<group>"; };
		306EDCA722BA36D800103496 /* Constants.swift */ = {isa = PBXFileReference; lastKnownFileType = sourcecode.swift; path = Constants.swift; sourceTree = "<group>"; };
		306EDCA922BA389800103496 /* CitiesNetworkManager.swift */ = {isa = PBXFileReference; lastKnownFileType = sourcecode.swift; path = CitiesNetworkManager.swift; sourceTree = "<group>"; };
		306EDCAC22BA38E500103496 /* NetworkManager.swift */ = {isa = PBXFileReference; lastKnownFileType = sourcecode.swift; path = NetworkManager.swift; sourceTree = "<group>"; };
		306EDCAF22BA424A00103496 /* Login.storyboard */ = {isa = PBXFileReference; lastKnownFileType = file.storyboard; path = Login.storyboard; sourceTree = "<group>"; };
		306EDCB222BA4B0C00103496 /* UITextFieldExtension.swift */ = {isa = PBXFileReference; lastKnownFileType = sourcecode.swift; path = UITextFieldExtension.swift; sourceTree = "<group>"; };
		306EDCB422BA4C0100103496 /* UIColorExtension.swift */ = {isa = PBXFileReference; lastKnownFileType = sourcecode.swift; path = UIColorExtension.swift; sourceTree = "<group>"; };
		306EDCB622BA4D0C00103496 /* LoginViewController.swift */ = {isa = PBXFileReference; lastKnownFileType = sourcecode.swift; path = LoginViewController.swift; sourceTree = "<group>"; };
		306EDCB922BA4D5600103496 /* BaseViewController.swift */ = {isa = PBXFileReference; lastKnownFileType = sourcecode.swift; path = BaseViewController.swift; sourceTree = "<group>"; };
		306EDCBB22BA549E00103496 /* UIViewExtension.swift */ = {isa = PBXFileReference; lastKnownFileType = sourcecode.swift; path = UIViewExtension.swift; sourceTree = "<group>"; };
		5AAF59C70D6FCCE2A12CB4E3 /* Pods-RateStaurant.debug.xcconfig */ = {isa = PBXFileReference; includeInIndex = 1; lastKnownFileType = text.xcconfig; name = "Pods-RateStaurant.debug.xcconfig"; path = "Target Support Files/Pods-RateStaurant/Pods-RateStaurant.debug.xcconfig"; sourceTree = "<group>"; };
		9518398CB1C48DA17EE06333 /* Pods_RateStaurant.framework */ = {isa = PBXFileReference; explicitFileType = wrapper.framework; includeInIndex = 0; path = Pods_RateStaurant.framework; sourceTree = BUILT_PRODUCTS_DIR; };
		A806C3132267AA15009E80DE /* RateStaurant.app */ = {isa = PBXFileReference; explicitFileType = wrapper.application; includeInIndex = 0; path = RateStaurant.app; sourceTree = BUILT_PRODUCTS_DIR; };
		A806C3162267AA15009E80DE /* AppDelegate.swift */ = {isa = PBXFileReference; lastKnownFileType = sourcecode.swift; path = AppDelegate.swift; sourceTree = "<group>"; };
		A806C31E2267AA15009E80DE /* RateStaurant.xcdatamodel */ = {isa = PBXFileReference; lastKnownFileType = wrapper.xcdatamodel; path = RateStaurant.xcdatamodel; sourceTree = "<group>"; };
		A806C3202267AA19009E80DE /* Assets.xcassets */ = {isa = PBXFileReference; lastKnownFileType = folder.assetcatalog; path = Assets.xcassets; sourceTree = "<group>"; };
		A806C3232267AA19009E80DE /* Base */ = {isa = PBXFileReference; lastKnownFileType = file.storyboard; name = Base; path = Base.lproj/LaunchScreen.storyboard; sourceTree = "<group>"; };
		A806C3252267AA19009E80DE /* Info.plist */ = {isa = PBXFileReference; lastKnownFileType = text.plist.xml; path = Info.plist; sourceTree = "<group>"; };
/* End PBXFileReference section */

/* Begin PBXFrameworksBuildPhase section */
		A806C3102267AA15009E80DE /* Frameworks */ = {
			isa = PBXFrameworksBuildPhase;
			buildActionMask = 2147483647;
			files = (
				13F1E8801C7CABAC1117DF30 /* Pods_RateStaurant.framework in Frameworks */,
			);
			runOnlyForDeploymentPostprocessing = 0;
		};
/* End PBXFrameworksBuildPhase section */

/* Begin PBXGroup section */
		306EDCA122BA35EB00103496 /* Functionalities */ = {
			isa = PBXGroup;
			children = (
				306EDCAE22BA421600103496 /* Login */,
				A806C3222267AA19009E80DE /* LaunchScreen.storyboard */,
			);
			path = Functionalities;
			sourceTree = "<group>";
		};
		306EDCA222BA35F700103496 /* Network */ = {
			isa = PBXGroup;
			children = (
				306EDCAB22BA38D900103496 /* Base */,
				306EDCA922BA389800103496 /* CitiesNetworkManager.swift */,
			);
			path = Network;
			sourceTree = "<group>";
		};
		306EDCA322BA361900103496 /* Tools */ = {
			isa = PBXGroup;
			children = (
				306EDCB822BA4D4800103496 /* UIViewController */,
				306EDCB122BA4AD700103496 /* Extension */,
				306EDCA722BA36D800103496 /* Constants.swift */,
			);
			path = Tools;
			sourceTree = "<group>";
		};
		306EDCA422BA361E00103496 /* SupportingFiles */ = {
			isa = PBXGroup;
			children = (
			);
			path = SupportingFiles;
			sourceTree = "<group>";
		};
		306EDCAB22BA38D900103496 /* Base */ = {
			isa = PBXGroup;
			children = (
				306EDCAC22BA38E500103496 /* NetworkManager.swift */,
			);
			path = Base;
			sourceTree = "<group>";
		};
		306EDCAE22BA421600103496 /* Login */ = {
			isa = PBXGroup;
			children = (
				306EDCAF22BA424A00103496 /* Login.storyboard */,
				306EDCB622BA4D0C00103496 /* LoginViewController.swift */,
			);
			path = Login;
			sourceTree = "<group>";
		};
		306EDCB122BA4AD700103496 /* Extension */ = {
			isa = PBXGroup;
			children = (
				306EDCB222BA4B0C00103496 /* UITextFieldExtension.swift */,
				306EDCB422BA4C0100103496 /* UIColorExtension.swift */,
				306EDCBB22BA549E00103496 /* UIViewExtension.swift */,
			);
			path = Extension;
			sourceTree = "<group>";
		};
		306EDCB822BA4D4800103496 /* UIViewController */ = {
			isa = PBXGroup;
			children = (
				306EDCB922BA4D5600103496 /* BaseViewController.swift */,
			);
			path = UIViewController;
			sourceTree = "<group>";
		};
		51E3BFFC86E04CB345510646 /* Pods */ = {
			isa = PBXGroup;
			children = (
				5AAF59C70D6FCCE2A12CB4E3 /* Pods-RateStaurant.debug.xcconfig */,
				14E78629D744CE5A31A6C82C /* Pods-RateStaurant.release.xcconfig */,
			);
			path = Pods;
			sourceTree = "<group>";
		};
		A806C30A2267AA15009E80DE = {
			isa = PBXGroup;
			children = (
				306EDCA522BA368700103496 /* Default-568h@2x.png */,
				A806C3152267AA15009E80DE /* RateStaurant */,
				A806C3142267AA15009E80DE /* Products */,
				51E3BFFC86E04CB345510646 /* Pods */,
				D8B8BB2F3CC685CB043D6CFD /* Frameworks */,
			);
			sourceTree = "<group>";
		};
		A806C3142267AA15009E80DE /* Products */ = {
			isa = PBXGroup;
			children = (
				A806C3132267AA15009E80DE /* RateStaurant.app */,
			);
			name = Products;
			sourceTree = "<group>";
		};
		A806C3152267AA15009E80DE /* RateStaurant */ = {
			isa = PBXGroup;
			children = (
				A806C3162267AA15009E80DE /* AppDelegate.swift */,
				A806C3202267AA19009E80DE /* Assets.xcassets */,
				A806C31D2267AA15009E80DE /* RateStaurant.xcdatamodeld */,
				A806C3252267AA19009E80DE /* Info.plist */,
				306EDCA122BA35EB00103496 /* Functionalities */,
				306EDCA222BA35F700103496 /* Network */,
				306EDCA422BA361E00103496 /* SupportingFiles */,
				306EDCA322BA361900103496 /* Tools */,
			);
			path = RateStaurant;
			sourceTree = "<group>";
		};
		D8B8BB2F3CC685CB043D6CFD /* Frameworks */ = {
			isa = PBXGroup;
			children = (
				9518398CB1C48DA17EE06333 /* Pods_RateStaurant.framework */,
			);
			name = Frameworks;
			sourceTree = "<group>";
		};
/* End PBXGroup section */

/* Begin PBXNativeTarget section */
		A806C3122267AA15009E80DE /* RateStaurant */ = {
			isa = PBXNativeTarget;
			buildConfigurationList = A806C3282267AA19009E80DE /* Build configuration list for PBXNativeTarget "RateStaurant" */;
			buildPhases = (
				3364BE8E09015B5D1A024E82 /* [CP] Check Pods Manifest.lock */,
				A806C30F2267AA15009E80DE /* Sources */,
				A806C3102267AA15009E80DE /* Frameworks */,
				A806C3112267AA15009E80DE /* Resources */,
				B2F4562DDA2EFE748DE9AD8A /* [CP] Embed Pods Frameworks */,
			);
			buildRules = (
			);
			dependencies = (
			);
			name = RateStaurant;
			productName = RateStaurant;
			productReference = A806C3132267AA15009E80DE /* RateStaurant.app */;
			productType = "com.apple.product-type.application";
		};
/* End PBXNativeTarget section */

/* Begin PBXProject section */
		A806C30B2267AA15009E80DE /* Project object */ = {
			isa = PBXProject;
			attributes = {
				LastSwiftUpdateCheck = 1010;
				LastUpgradeCheck = 1010;
				ORGANIZATIONNAME = "Jakub Kołodziej";
				TargetAttributes = {
					A806C3122267AA15009E80DE = {
						CreatedOnToolsVersion = 10.1;
						LastSwiftMigration = 1020;
					};
				};
			};
			buildConfigurationList = A806C30E2267AA15009E80DE /* Build configuration list for PBXProject "RateStaurant" */;
			compatibilityVersion = "Xcode 9.3";
			developmentRegion = en;
			hasScannedForEncodings = 0;
			knownRegions = (
				en,
				Base,
			);
			mainGroup = A806C30A2267AA15009E80DE;
			productRefGroup = A806C3142267AA15009E80DE /* Products */;
			projectDirPath = "";
			projectRoot = "";
			targets = (
				A806C3122267AA15009E80DE /* RateStaurant */,
			);
		};
/* End PBXProject section */

/* Begin PBXResourcesBuildPhase section */
		A806C3112267AA15009E80DE /* Resources */ = {
			isa = PBXResourcesBuildPhase;
			buildActionMask = 2147483647;
			files = (
				A806C3242267AA19009E80DE /* LaunchScreen.storyboard in Resources */,
				306EDCA622BA368700103496 /* Default-568h@2x.png in Resources */,
				A806C3212267AA19009E80DE /* Assets.xcassets in Resources */,
				306EDCB022BA424A00103496 /* Login.storyboard in Resources */,
			);
			runOnlyForDeploymentPostprocessing = 0;
		};
/* End PBXResourcesBuildPhase section */

/* Begin PBXShellScriptBuildPhase section */
		3364BE8E09015B5D1A024E82 /* [CP] Check Pods Manifest.lock */ = {
			isa = PBXShellScriptBuildPhase;
			buildActionMask = 2147483647;
			files = (
			);
			inputFileListPaths = (
			);
			inputPaths = (
				"${PODS_PODFILE_DIR_PATH}/Podfile.lock",
				"${PODS_ROOT}/Manifest.lock",
			);
			name = "[CP] Check Pods Manifest.lock";
			outputFileListPaths = (
			);
			outputPaths = (
				"$(DERIVED_FILE_DIR)/Pods-RateStaurant-checkManifestLockResult.txt",
			);
			runOnlyForDeploymentPostprocessing = 0;
			shellPath = /bin/sh;
			shellScript = "diff \"${PODS_PODFILE_DIR_PATH}/Podfile.lock\" \"${PODS_ROOT}/Manifest.lock\" > /dev/null\nif [ $? != 0 ] ; then\n    # print error to STDERR\n    echo \"error: The sandbox is not in sync with the Podfile.lock. Run 'pod install' or update your CocoaPods installation.\" >&2\n    exit 1\nfi\n# This output is used by Xcode 'outputs' to avoid re-running this script phase.\necho \"SUCCESS\" > \"${SCRIPT_OUTPUT_FILE_0}\"\n";
			showEnvVarsInLog = 0;
		};
		B2F4562DDA2EFE748DE9AD8A /* [CP] Embed Pods Frameworks */ = {
			isa = PBXShellScriptBuildPhase;
			buildActionMask = 2147483647;
			files = (
			);
			inputFileListPaths = (
			);
			inputPaths = (
				"${PODS_ROOT}/Target Support Files/Pods-RateStaurant/Pods-RateStaurant-frameworks.sh",
				"${BUILT_PRODUCTS_DIR}/Alamofire/Alamofire.framework",
			);
			name = "[CP] Embed Pods Frameworks";
			outputFileListPaths = (
			);
			outputPaths = (
				"${TARGET_BUILD_DIR}/${FRAMEWORKS_FOLDER_PATH}/Alamofire.framework",
			);
			runOnlyForDeploymentPostprocessing = 0;
			shellPath = /bin/sh;
			shellScript = "\"${PODS_ROOT}/Target Support Files/Pods-RateStaurant/Pods-RateStaurant-frameworks.sh\"\n";
			showEnvVarsInLog = 0;
		};
/* End PBXShellScriptBuildPhase section */

/* Begin PBXSourcesBuildPhase section */
		A806C30F2267AA15009E80DE /* Sources */ = {
			isa = PBXSourcesBuildPhase;
			buildActionMask = 2147483647;
			files = (
				306EDCB722BA4D0C00103496 /* LoginViewController.swift in Sources */,
				306EDCAD22BA38E500103496 /* NetworkManager.swift in Sources */,
				306EDCBC22BA549E00103496 /* UIViewExtension.swift in Sources */,
				306EDCB322BA4B0C00103496 /* UITextFieldExtension.swift in Sources */,
				A806C31F2267AA15009E80DE /* RateStaurant.xcdatamodeld in Sources */,
				306EDCBA22BA4D5600103496 /* BaseViewController.swift in Sources */,
				A806C3172267AA15009E80DE /* AppDelegate.swift in Sources */,
				306EDCB522BA4C0100103496 /* UIColorExtension.swift in Sources */,
				306EDCAA22BA389800103496 /* CitiesNetworkManager.swift in Sources */,
				306EDCA822BA36D900103496 /* Constants.swift in Sources */,
			);
			runOnlyForDeploymentPostprocessing = 0;
		};
/* End PBXSourcesBuildPhase section */

/* Begin PBXVariantGroup section */
		A806C3222267AA19009E80DE /* LaunchScreen.storyboard */ = {
			isa = PBXVariantGroup;
			children = (
				A806C3232267AA19009E80DE /* Base */,
			);
			name = LaunchScreen.storyboard;
			sourceTree = "<group>";
		};
/* End PBXVariantGroup section */

/* Begin XCBuildConfiguration section */
		A806C3262267AA19009E80DE /* Debug */ = {
			isa = XCBuildConfiguration;
			buildSettings = {
				ALWAYS_SEARCH_USER_PATHS = NO;
				CLANG_ANALYZER_NONNULL = YES;
				CLANG_ANALYZER_NUMBER_OBJECT_CONVERSION = YES_AGGRESSIVE;
				CLANG_CXX_LANGUAGE_STANDARD = "gnu++14";
				CLANG_CXX_LIBRARY = "libc++";
				CLANG_ENABLE_MODULES = YES;
				CLANG_ENABLE_OBJC_ARC = YES;
				CLANG_ENABLE_OBJC_WEAK = YES;
				CLANG_WARN_BLOCK_CAPTURE_AUTORELEASING = YES;
				CLANG_WARN_BOOL_CONVERSION = YES;
				CLANG_WARN_COMMA = YES;
				CLANG_WARN_CONSTANT_CONVERSION = YES;
				CLANG_WARN_DEPRECATED_OBJC_IMPLEMENTATIONS = YES;
				CLANG_WARN_DIRECT_OBJC_ISA_USAGE = YES_ERROR;
				CLANG_WARN_DOCUMENTATION_COMMENTS = YES;
				CLANG_WARN_EMPTY_BODY = YES;
				CLANG_WARN_ENUM_CONVERSION = YES;
				CLANG_WARN_INFINITE_RECURSION = YES;
				CLANG_WARN_INT_CONVERSION = YES;
				CLANG_WARN_NON_LITERAL_NULL_CONVERSION = YES;
				CLANG_WARN_OBJC_IMPLICIT_RETAIN_SELF = YES;
				CLANG_WARN_OBJC_LITERAL_CONVERSION = YES;
				CLANG_WARN_OBJC_ROOT_CLASS = YES_ERROR;
				CLANG_WARN_RANGE_LOOP_ANALYSIS = YES;
				CLANG_WARN_STRICT_PROTOTYPES = YES;
				CLANG_WARN_SUSPICIOUS_MOVE = YES;
				CLANG_WARN_UNGUARDED_AVAILABILITY = YES_AGGRESSIVE;
				CLANG_WARN_UNREACHABLE_CODE = YES;
				CLANG_WARN__DUPLICATE_METHOD_MATCH = YES;
				CODE_SIGN_IDENTITY = "iPhone Developer";
				COPY_PHASE_STRIP = NO;
				DEBUG_INFORMATION_FORMAT = dwarf;
				ENABLE_STRICT_OBJC_MSGSEND = YES;
				ENABLE_TESTABILITY = YES;
				GCC_C_LANGUAGE_STANDARD = gnu11;
				GCC_DYNAMIC_NO_PIC = NO;
				GCC_NO_COMMON_BLOCKS = YES;
				GCC_OPTIMIZATION_LEVEL = 0;
				GCC_PREPROCESSOR_DEFINITIONS = (
					"DEBUG=1",
					"$(inherited)",
				);
				GCC_WARN_64_TO_32_BIT_CONVERSION = YES;
				GCC_WARN_ABOUT_RETURN_TYPE = YES_ERROR;
				GCC_WARN_UNDECLARED_SELECTOR = YES;
				GCC_WARN_UNINITIALIZED_AUTOS = YES_AGGRESSIVE;
				GCC_WARN_UNUSED_FUNCTION = YES;
				GCC_WARN_UNUSED_VARIABLE = YES;
				IPHONEOS_DEPLOYMENT_TARGET = 12.1;
				MTL_ENABLE_DEBUG_INFO = INCLUDE_SOURCE;
				MTL_FAST_MATH = YES;
				ONLY_ACTIVE_ARCH = YES;
				SDKROOT = iphoneos;
				SWIFT_ACTIVE_COMPILATION_CONDITIONS = DEBUG;
				SWIFT_OPTIMIZATION_LEVEL = "-Onone";
			};
			name = Debug;
		};
		A806C3272267AA19009E80DE /* Release */ = {
			isa = XCBuildConfiguration;
			buildSettings = {
				ALWAYS_SEARCH_USER_PATHS = NO;
				CLANG_ANALYZER_NONNULL = YES;
				CLANG_ANALYZER_NUMBER_OBJECT_CONVERSION = YES_AGGRESSIVE;
				CLANG_CXX_LANGUAGE_STANDARD = "gnu++14";
				CLANG_CXX_LIBRARY = "libc++";
				CLANG_ENABLE_MODULES = YES;
				CLANG_ENABLE_OBJC_ARC = YES;
				CLANG_ENABLE_OBJC_WEAK = YES;
				CLANG_WARN_BLOCK_CAPTURE_AUTORELEASING = YES;
				CLANG_WARN_BOOL_CONVERSION = YES;
				CLANG_WARN_COMMA = YES;
				CLANG_WARN_CONSTANT_CONVERSION = YES;
				CLANG_WARN_DEPRECATED_OBJC_IMPLEMENTATIONS = YES;
				CLANG_WARN_DIRECT_OBJC_ISA_USAGE = YES_ERROR;
				CLANG_WARN_DOCUMENTATION_COMMENTS = YES;
				CLANG_WARN_EMPTY_BODY = YES;
				CLANG_WARN_ENUM_CONVERSION = YES;
				CLANG_WARN_INFINITE_RECURSION = YES;
				CLANG_WARN_INT_CONVERSION = YES;
				CLANG_WARN_NON_LITERAL_NULL_CONVERSION = YES;
				CLANG_WARN_OBJC_IMPLICIT_RETAIN_SELF = YES;
				CLANG_WARN_OBJC_LITERAL_CONVERSION = YES;
				CLANG_WARN_OBJC_ROOT_CLASS = YES_ERROR;
				CLANG_WARN_RANGE_LOOP_ANALYSIS = YES;
				CLANG_WARN_STRICT_PROTOTYPES = YES;
				CLANG_WARN_SUSPICIOUS_MOVE = YES;
				CLANG_WARN_UNGUARDED_AVAILABILITY = YES_AGGRESSIVE;
				CLANG_WARN_UNREACHABLE_CODE = YES;
				CLANG_WARN__DUPLICATE_METHOD_MATCH = YES;
				CODE_SIGN_IDENTITY = "iPhone Developer";
				COPY_PHASE_STRIP = NO;
				DEBUG_INFORMATION_FORMAT = "dwarf-with-dsym";
				ENABLE_NS_ASSERTIONS = NO;
				ENABLE_STRICT_OBJC_MSGSEND = YES;
				GCC_C_LANGUAGE_STANDARD = gnu11;
				GCC_NO_COMMON_BLOCKS = YES;
				GCC_WARN_64_TO_32_BIT_CONVERSION = YES;
				GCC_WARN_ABOUT_RETURN_TYPE = YES_ERROR;
				GCC_WARN_UNDECLARED_SELECTOR = YES;
				GCC_WARN_UNINITIALIZED_AUTOS = YES_AGGRESSIVE;
				GCC_WARN_UNUSED_FUNCTION = YES;
				GCC_WARN_UNUSED_VARIABLE = YES;
				IPHONEOS_DEPLOYMENT_TARGET = 12.1;
				MTL_ENABLE_DEBUG_INFO = NO;
				MTL_FAST_MATH = YES;
				SDKROOT = iphoneos;
				SWIFT_COMPILATION_MODE = wholemodule;
				SWIFT_OPTIMIZATION_LEVEL = "-O";
				VALIDATE_PRODUCT = YES;
			};
			name = Release;
		};
		A806C3292267AA19009E80DE /* Debug */ = {
			isa = XCBuildConfiguration;
			baseConfigurationReference = 5AAF59C70D6FCCE2A12CB4E3 /* Pods-RateStaurant.debug.xcconfig */;
			buildSettings = {
				ASSETCATALOG_COMPILER_APPICON_NAME = AppIcon;
				CODE_SIGN_STYLE = Automatic;
				DEVELOPMENT_TEAM = WC88QSKZG5;
				INFOPLIST_FILE = RateStaurant/Info.plist;
				LD_RUNPATH_SEARCH_PATHS = (
					"$(inherited)",
					"@executable_path/Frameworks",
				);
				PRODUCT_BUNDLE_IDENTIFIER = JFK.RateStaurant;
				PRODUCT_NAME = "$(TARGET_NAME)";
				SWIFT_VERSION = 5.0;
				TARGETED_DEVICE_FAMILY = "1,2";
			};
			name = Debug;
		};
		A806C32A2267AA19009E80DE /* Release */ = {
			isa = XCBuildConfiguration;
			baseConfigurationReference = 14E78629D744CE5A31A6C82C /* Pods-RateStaurant.release.xcconfig */;
			buildSettings = {
				ASSETCATALOG_COMPILER_APPICON_NAME = AppIcon;
				CODE_SIGN_STYLE = Automatic;
				DEVELOPMENT_TEAM = WC88QSKZG5;
				INFOPLIST_FILE = RateStaurant/Info.plist;
				LD_RUNPATH_SEARCH_PATHS = (
					"$(inherited)",
					"@executable_path/Frameworks",
				);
				PRODUCT_BUNDLE_IDENTIFIER = JFK.RateStaurant;
				PRODUCT_NAME = "$(TARGET_NAME)";
				SWIFT_VERSION = 5.0;
				TARGETED_DEVICE_FAMILY = "1,2";
			};
			name = Release;
		};
/* End XCBuildConfiguration section */

/* Begin XCConfigurationList section */
		A806C30E2267AA15009E80DE /* Build configuration list for PBXProject "RateStaurant" */ = {
			isa = XCConfigurationList;
			buildConfigurations = (
				A806C3262267AA19009E80DE /* Debug */,
				A806C3272267AA19009E80DE /* Release */,
			);
			defaultConfigurationIsVisible = 0;
			defaultConfigurationName = Release;
		};
		A806C3282267AA19009E80DE /* Build configuration list for PBXNativeTarget "RateStaurant" */ = {
			isa = XCConfigurationList;
			buildConfigurations = (
				A806C3292267AA19009E80DE /* Debug */,
				A806C32A2267AA19009E80DE /* Release */,
			);
			defaultConfigurationIsVisible = 0;
			defaultConfigurationName = Release;
		};
/* End XCConfigurationList section */

/* Begin XCVersionGroup section */
		A806C31D2267AA15009E80DE /* RateStaurant.xcdatamodeld */ = {
			isa = XCVersionGroup;
			children = (
				A806C31E2267AA15009E80DE /* RateStaurant.xcdatamodel */,
			);
			currentVersion = A806C31E2267AA15009E80DE /* RateStaurant.xcdatamodel */;
			path = RateStaurant.xcdatamodeld;
			sourceTree = "<group>";
			versionGroupType = wrapper.xcdatamodel;
		};
/* End XCVersionGroup section */
	};
	rootObject = A806C30B2267AA15009E80DE /* Project object */;
}
